<?xml version="1.0" encoding="utf-8"?>
<Project ToolsVersion="4.0" xmlns="http://schemas.microsoft.com/developer/msbuild/2003">
  <ItemGroup>
    <Filter Include="Tools">
      <UniqueIdentifier>{84aa59bd-fd7b-4bcc-99b8-cf69531a8f35}</UniqueIdentifier>
    </Filter>
    <Filter Include="Vulkan">
      <UniqueIdentifier>{1db200d6-0399-49a5-b1b3-d89eb5858cfb}</UniqueIdentifier>
    </Filter>
    <Filter Include="Scene">
      <UniqueIdentifier>{acc9ef97-6455-48df-9b8c-775053f4bbb7}</UniqueIdentifier>
    </Filter>
    <Filter Include="InputManager">
      <UniqueIdentifier>{0e79f6a6-1eaf-4a65-a119-b09b2f95f036}</UniqueIdentifier>
    </Filter>
    <Filter Include="Particle">
      <UniqueIdentifier>{385e92e9-3a3d-428b-bcfe-38f4b4c4ced7}</UniqueIdentifier>
    </Filter>
    <Filter Include="Shaders">
      <UniqueIdentifier>{df326ff9-28bc-4340-ad8b-6814c5df3c2c}</UniqueIdentifier>
    </Filter>
  </ItemGroup>
  <ItemGroup>
    <ClCompile Include="main.cpp" />
    <ClCompile Include="VkRenderer.cpp">
      <Filter>Vulkan</Filter>
    </ClCompile>
    <ClCompile Include="vkTools.cpp">
      <Filter>Tools</Filter>
    </ClCompile>
    <ClCompile Include="FrameBuffer.cpp">
      <Filter>Vulkan</Filter>
    </ClCompile>
    <ClCompile Include="Camera.cpp">
      <Filter>Scene</Filter>
    </ClCompile>
    <ClCompile Include="InputManager.cpp">
      <Filter>InputManager</Filter>
    </ClCompile>
    <ClCompile Include="StorageBuffer.cpp">
      <Filter>Vulkan</Filter>
    </ClCompile>
    <ClCompile Include="Scene.cpp">
      <Filter>Scene</Filter>
    </ClCompile>
    <ClCompile Include="ParticleSystem.cpp">
      <Filter>Particle</Filter>
    </ClCompile>
    <ClCompile Include="StorageSwapBuffer.cpp">
      <Filter>Vulkan</Filter>
    </ClCompile>
  </ItemGroup>
  <ItemGroup>
    <ClInclude Include="VkRenderer.hpp">
      <Filter>Vulkan</Filter>
    </ClInclude>
    <ClInclude Include="CPUTimer.hpp">
      <Filter>Tools</Filter>
    </ClInclude>
    <ClInclude Include="vkTools.hpp">
      <Filter>Tools</Filter>
    </ClInclude>
    <ClInclude Include="FrameBuffer.hpp">
      <Filter>Vulkan</Filter>
    </ClInclude>
    <ClInclude Include="Camera.hpp">
      <Filter>Scene</Filter>
    </ClInclude>
    <ClInclude Include="InputManager.hpp">
      <Filter>InputManager</Filter>
    </ClInclude>
    <ClInclude Include="StorageBuffer.hpp">
      <Filter>Vulkan</Filter>
    </ClInclude>
    <ClInclude Include="Scene.hpp">
      <Filter>Scene</Filter>
    </ClInclude>
    <ClInclude Include="Particle.hpp">
      <Filter>Particle</Filter>
    </ClInclude>
    <ClInclude Include="ParticleSystem.hpp">
      <Filter>Particle</Filter>
    </ClInclude>
    <ClInclude Include="StorageSwapBuffer.hpp">
      <Filter>Vulkan</Filter>
    </ClInclude>
  </ItemGroup>
  <ItemGroup>
    <None Include="resources\shaders\Particles_Update_CS.comp">
      <Filter>Shaders</Filter>
    </None>
    <None Include="resources\shaders\Particles_Render_VS.vert">
      <Filter>Shaders</Filter>
    </None>
    <None Include="resources\shaders\Particles_Render_PS.frag">
      <Filter>Shaders</Filter>
    </None>
    <None Include="resources\shaders\Particles_Render_GS.geom">
      <Filter>Shaders</Filter>
    </None>
  </ItemGroup>
</Project>